// !$*UTF8*$!
{
	archiveVersion = 1;
	classes = {
	};
	objectVersion = 56;
	objects = {

/* Begin PBXBuildFile section */
		454EA2AF2A360333001BB65C /* resorts.json in Resources */ = {isa = PBXBuildFile; fileRef = 454EA2AE2A360333001BB65C /* resorts.json */; };
		454EA2B12A3603B4001BB65C /* Resort.swift in Sources */ = {isa = PBXBuildFile; fileRef = 454EA2B02A3603B4001BB65C /* Resort.swift */; };
		454EA2B32A360488001BB65C /* Bundle-Decodable.swift in Sources */ = {isa = PBXBuildFile; fileRef = 454EA2B22A360488001BB65C /* Bundle-Decodable.swift */; };
		454EA2B52A360A68001BB65C /* WelcomeView.swift in Sources */ = {isa = PBXBuildFile; fileRef = 454EA2B42A360A68001BB65C /* WelcomeView.swift */; };
		454EA2B72A360DA9001BB65C /* ResortView.swift in Sources */ = {isa = PBXBuildFile; fileRef = 454EA2B62A360DA9001BB65C /* ResortView.swift */; };
		454EA2B92A361084001BB65C /* SkiDetailView.swift in Sources */ = {isa = PBXBuildFile; fileRef = 454EA2B82A361084001BB65C /* SkiDetailView.swift */; };
		454EA2BB2A3611AF001BB65C /* ResortDetailView.swift in Sources */ = {isa = PBXBuildFile; fileRef = 454EA2BA2A3611AE001BB65C /* ResortDetailView.swift */; };
		454EA2BD2A376E95001BB65C /* Facility.swift in Sources */ = {isa = PBXBuildFile; fileRef = 454EA2BC2A376E95001BB65C /* Facility.swift */; };
		454EA2BF2A377593001BB65C /* Favorites.swift in Sources */ = {isa = PBXBuildFile; fileRef = 454EA2BE2A377593001BB65C /* Favorites.swift */; };
		45BA80FE2A34C6BC001C3824 /* SnowSeekerApp.swift in Sources */ = {isa = PBXBuildFile; fileRef = 45BA80FD2A34C6BC001C3824 /* SnowSeekerApp.swift */; };
		45BA81002A34C6BC001C3824 /* ContentView.swift in Sources */ = {isa = PBXBuildFile; fileRef = 45BA80FF2A34C6BC001C3824 /* ContentView.swift */; };
		45BA81022A34C6BD001C3824 /* Assets.xcassets in Resources */ = {isa = PBXBuildFile; fileRef = 45BA81012A34C6BD001C3824 /* Assets.xcassets */; };
		45BA81052A34C6BD001C3824 /* Preview Assets.xcassets in Resources */ = {isa = PBXBuildFile; fileRef = 45BA81042A34C6BD001C3824 /* Preview Assets.xcassets */; };
/* End PBXBuildFile section */

/* Begin PBXFileReference section */
		454EA2AE2A360333001BB65C /* resorts.json */ = {isa = PBXFileReference; fileEncoding = 4; lastKnownFileType = text.json; path = resorts.json; sourceTree = "<group>"; };
		454EA2B02A3603B4001BB65C /* Resort.swift */ = {isa = PBXFileReference; lastKnownFileType = sourcecode.swift; name = Resort.swift; path = Assets.xcassets/Resort.swift; sourceTree = "<group>"; };
		454EA2B22A360488001BB65C /* Bundle-Decodable.swift */ = {isa = PBXFileReference; lastKnownFileType = sourcecode.swift; path = "Bundle-Decodable.swift"; sourceTree = "<group>"; };
		454EA2B42A360A68001BB65C /* WelcomeView.swift */ = {isa = PBXFileReference; lastKnownFileType = sourcecode.swift; path = WelcomeView.swift; sourceTree = "<group>"; };
		454EA2B62A360DA9001BB65C /* ResortView.swift */ = {isa = PBXFileReference; lastKnownFileType = sourcecode.swift; path = ResortView.swift; sourceTree = "<group>"; };
		454EA2B82A361084001BB65C /* SkiDetailView.swift */ = {isa = PBXFileReference; lastKnownFileType = sourcecode.swift; path = SkiDetailView.swift; sourceTree = "<group>"; };
		454EA2BA2A3611AE001BB65C /* ResortDetailView.swift */ = {isa = PBXFileReference; lastKnownFileType = sourcecode.swift; path = ResortDetailView.swift; sourceTree = "<group>"; };
		454EA2BC2A376E95001BB65C /* Facility.swift */ = {isa = PBXFileReference; lastKnownFileType = sourcecode.swift; path = Facility.swift; sourceTree = "<group>"; };
		454EA2BE2A377593001BB65C /* Favorites.swift */ = {isa = PBXFileReference; lastKnownFileType = sourcecode.swift; path = Favorites.swift; sourceTree = "<group>"; };
		45BA80FA2A34C6BC001C3824 /* SnowSeeker.app */ = {isa = PBXFileReference; explicitFileType = wrapper.application; includeInIndex = 0; path = SnowSeeker.app; sourceTree = BUILT_PRODUCTS_DIR; };
		45BA80FD2A34C6BC001C3824 /* SnowSeekerApp.swift */ = {isa = PBXFileReference; lastKnownFileType = sourcecode.swift; path = SnowSeekerApp.swift; sourceTree = "<group>"; };
		45BA80FF2A34C6BC001C3824 /* ContentView.swift */ = {isa = PBXFileReference; lastKnownFileType = sourcecode.swift; path = ContentView.swift; sourceTree = "<group>"; };
		45BA81012A34C6BD001C3824 /* Assets.xcassets */ = {isa = PBXFileReference; lastKnownFileType = folder.assetcatalog; path = Assets.xcassets; sourceTree = "<group>"; };
		45BA81042A34C6BD001C3824 /* Preview Assets.xcassets */ = {isa = PBXFileReference; lastKnownFileType = folder.assetcatalog; path = "Preview Assets.xcassets"; sourceTree = "<group>"; };
/* End PBXFileReference section */

/* Begin PBXFrameworksBuildPhase section */
		45BA80F72A34C6BC001C3824 /* Frameworks */ = {
			isa = PBXFrameworksBuildPhase;
			buildActionMask = 2147483647;
			files = (
			);
			runOnlyForDeploymentPostprocessing = 0;
		};
/* End PBXFrameworksBuildPhase section */

/* Begin PBXGroup section */
		45BA80F12A34C6BC001C3824 = {
			isa = PBXGroup;
			children = (
				45BA80FC2A34C6BC001C3824 /* SnowSeeker */,
				45BA80FB2A34C6BC001C3824 /* Products */,
			);
			sourceTree = "<group>";
		};
		45BA80FB2A34C6BC001C3824 /* Products */ = {
			isa = PBXGroup;
			children = (
				45BA80FA2A34C6BC001C3824 /* SnowSeeker.app */,
			);
			name = Products;
			sourceTree = "<group>";
		};
		45BA80FC2A34C6BC001C3824 /* SnowSeeker */ = {
			isa = PBXGroup;
			children = (
				45BA80FD2A34C6BC001C3824 /* SnowSeekerApp.swift */,
				45BA80FF2A34C6BC001C3824 /* ContentView.swift */,
				454EA2B62A360DA9001BB65C /* ResortView.swift */,
				454EA2BC2A376E95001BB65C /* Facility.swift */,
				454EA2BE2A377593001BB65C /* Favorites.swift */,
				454EA2B82A361084001BB65C /* SkiDetailView.swift */,
				454EA2BA2A3611AE001BB65C /* ResortDetailView.swift */,
				454EA2B42A360A68001BB65C /* WelcomeView.swift */,
				454EA2B02A3603B4001BB65C /* Resort.swift */,
				454EA2B22A360488001BB65C /* Bundle-Decodable.swift */,
				454EA2AE2A360333001BB65C /* resorts.json */,
				45BA81012A34C6BD001C3824 /* Assets.xcassets */,
				45BA81032A34C6BD001C3824 /* Preview Content */,
			);
			path = SnowSeeker;
			sourceTree = "<group>";
		};
		45BA81032A34C6BD001C3824 /* Preview Content */ = {
			isa = PBXGroup;
			children = (
				45BA81042A34C6BD001C3824 /* Preview Assets.xcassets */,
			);
			path = "Preview Content";
			sourceTree = "<group>";
		};
/* End PBXGroup section */

/* Begin PBXNativeTarget section */
		45BA80F92A34C6BC001C3824 /* SnowSeeker */ = {
			isa = PBXNativeTarget;
			buildConfigurationList = 45BA81082A34C6BD001C3824 /* Build configuration list for PBXNativeTarget "SnowSeeker" */;
			buildPhases = (
				45BA80F62A34C6BC001C3824 /* Sources */,
				45BA80F72A34C6BC001C3824 /* Frameworks */,
				45BA80F82A34C6BC001C3824 /* Resources */,
			);
			buildRules = (
			);
			dependencies = (
			);
			name = SnowSeeker;
			productName = SnowSeeker;
			productReference = 45BA80FA2A34C6BC001C3824 /* SnowSeeker.app */;
			productType = "com.apple.product-type.application";
		};
/* End PBXNativeTarget section */

/* Begin PBXProject section */
		45BA80F22A34C6BC001C3824 /* Project object */ = {
			isa = PBXProject;
			attributes = {
				BuildIndependentTargetsInParallel = 1;
				LastSwiftUpdateCheck = 1430;
				LastUpgradeCheck = 1430;
				TargetAttributes = {
					45BA80F92A34C6BC001C3824 = {
						CreatedOnToolsVersion = 14.3;
					};
				};
			};
			buildConfigurationList = 45BA80F52A34C6BC001C3824 /* Build configuration list for PBXProject "SnowSeeker" */;
			compatibilityVersion = "Xcode 14.0";
			developmentRegion = en;
			hasScannedForEncodings = 0;
			knownRegions = (
				en,
				Base,
			);
			mainGroup = 45BA80F12A34C6BC001C3824;
			productRefGroup = 45BA80FB2A34C6BC001C3824 /* Products */;
			projectDirPath = "";
			projectRoot = "";
			targets = (
				45BA80F92A34C6BC001C3824 /* SnowSeeker */,
			);
		};
/* End PBXProject section */

/* Begin PBXResourcesBuildPhase section */
		45BA80F82A34C6BC001C3824 /* Resources */ = {
			isa = PBXResourcesBuildPhase;
			buildActionMask = 2147483647;
			files = (
				454EA2AF2A360333001BB65C /* resorts.json in Resources */,
				45BA81052A34C6BD001C3824 /* Preview Assets.xcassets in Resources */,
				45BA81022A34C6BD001C3824 /* Assets.xcassets in Resources */,
			);
			runOnlyForDeploymentPostprocessing = 0;
		};
/* End PBXResourcesBuildPhase section */

/* Begin PBXSourcesBuildPhase section */
		45BA80F62A34C6BC001C3824 /* Sources */ = {
			isa = PBXSourcesBuildPhase;
			buildActionMask = 2147483647;
			files = (
				454EA2B52A360A68001BB65C /* WelcomeView.swift in Sources */,
				454EA2B92A361084001BB65C /* SkiDetailView.swift in Sources */,
				45BA81002A34C6BC001C3824 /* ContentView.swift in Sources */,
				454EA2BF2A377593001BB65C /* Favorites.swift in Sources */,
				454EA2BD2A376E95001BB65C /* Facility.swift in Sources */,
				454EA2B12A3603B4001BB65C /* Resort.swift in Sources */,
				454EA2B72A360DA9001BB65C /* ResortView.swift in Sources */,
				45BA80FE2A34C6BC001C3824 /* SnowSeekerApp.swift in Sources */,
				454EA2BB2A3611AF001BB65C /* ResortDetailView.swift in Sources */,
				454EA2B32A360488001BB65C /* Bundle-Decodable.swift in Sources */,
			);
			runOnlyForDeploymentPostprocessing = 0;
		};
/* End PBXSourcesBuildPhase section */

/* Begin XCBuildConfiguration section */
		45BA81062A34C6BD001C3824 /* Debug */ = {
			isa = XCBuildConfiguration;
			buildSettings = {
				ALWAYS_SEARCH_USER_PATHS = NO;
				CLANG_ANALYZER_NONNULL = YES;
				CLANG_ANALYZER_NUMBER_OBJECT_CONVERSION = YES_AGGRESSIVE;
				CLANG_CXX_LANGUAGE_STANDARD = "gnu++20";
				CLANG_ENABLE_MODULES = YES;
				CLANG_ENABLE_OBJC_ARC = YES;
				CLANG_ENABLE_OBJC_WEAK = YES;
				CLANG_WARN_BLOCK_CAPTURE_AUTORELEASING = YES;
				CLANG_WARN_BOOL_CONVERSION = YES;
				CLANG_WARN_COMMA = YES;
				CLANG_WARN_CONSTANT_CONVERSION = YES;
				CLANG_WARN_DEPRECATED_OBJC_IMPLEMENTATIONS = YES;
				CLANG_WARN_DIRECT_OBJC_ISA_USAGE = YES_ERROR;
				CLANG_WARN_DOCUMENTATION_COMMENTS = YES;
				CLANG_WARN_EMPTY_BODY = YES;
				CLANG_WARN_ENUM_CONVERSION = YES;
				CLANG_WARN_INFINITE_RECURSION = YES;
				CLANG_WARN_INT_CONVERSION = YES;
				CLANG_WARN_NON_LITERAL_NULL_CONVERSION = YES;
				CLANG_WARN_OBJC_IMPLICIT_RETAIN_SELF = YES;
				CLANG_WARN_OBJC_LITERAL_CONVERSION = YES;
				CLANG_WARN_OBJC_ROOT_CLASS = YES_ERROR;
				CLANG_WARN_QUOTED_INCLUDE_IN_FRAMEWORK_HEADER = YES;
				CLANG_WARN_RANGE_LOOP_ANALYSIS = YES;
				CLANG_WARN_STRICT_PROTOTYPES = YES;
				CLANG_WARN_SUSPICIOUS_MOVE = YES;
				CLANG_WARN_UNGUARDED_AVAILABILITY = YES_AGGRESSIVE;
				CLANG_WARN_UNREACHABLE_CODE = YES;
				CLANG_WARN__DUPLICATE_METHOD_MATCH = YES;
				COPY_PHASE_STRIP = NO;
				DEBUG_INFORMATION_FORMAT = dwarf;
				ENABLE_STRICT_OBJC_MSGSEND = YES;
				ENABLE_TESTABILITY = YES;
				GCC_C_LANGUAGE_STANDARD = gnu11;
				GCC_DYNAMIC_NO_PIC = NO;
				GCC_NO_COMMON_BLOCKS = YES;
				GCC_OPTIMIZATION_LEVEL = 0;
				GCC_PREPROCESSOR_DEFINITIONS = (
					"DEBUG=1",
					"$(inherited)",
				);
				GCC_WARN_64_TO_32_BIT_CONVERSION = YES;
				GCC_WARN_ABOUT_RETURN_TYPE = YES_ERROR;
				GCC_WARN_UNDECLARED_SELECTOR = YES;
				GCC_WARN_UNINITIALIZED_AUTOS = YES_AGGRESSIVE;
				GCC_WARN_UNUSED_FUNCTION = YES;
				GCC_WARN_UNUSED_VARIABLE = YES;
				IPHONEOS_DEPLOYMENT_TARGET = 16.4;
				MTL_ENABLE_DEBUG_INFO = INCLUDE_SOURCE;
				MTL_FAST_MATH = YES;
				ONLY_ACTIVE_ARCH = YES;
				SDKROOT = iphoneos;
				SWIFT_ACTIVE_COMPILATION_CONDITIONS = DEBUG;
				SWIFT_OPTIMIZATION_LEVEL = "-Onone";
			};
			name = Debug;
		};
		45BA81072A34C6BD001C3824 /* Release */ = {
			isa = XCBuildConfiguration;
			buildSettings = {
				ALWAYS_SEARCH_USER_PATHS = NO;
				CLANG_ANALYZER_NONNULL = YES;
				CLANG_ANALYZER_NUMBER_OBJECT_CONVERSION = YES_AGGRESSIVE;
				CLANG_CXX_LANGUAGE_STANDARD = "gnu++20";
				CLANG_ENABLE_MODULES = YES;
				CLANG_ENABLE_OBJC_ARC = YES;
				CLANG_ENABLE_OBJC_WEAK = YES;
				CLANG_WARN_BLOCK_CAPTURE_AUTORELEASING = YES;
				CLANG_WARN_BOOL_CONVERSION = YES;
				CLANG_WARN_COMMA = YES;
				CLANG_WARN_CONSTANT_CONVERSION = YES;
				CLANG_WARN_DEPRECATED_OBJC_IMPLEMENTATIONS = YES;
				CLANG_WARN_DIRECT_OBJC_ISA_USAGE = YES_ERROR;
				CLANG_WARN_DOCUMENTATION_COMMENTS = YES;
				CLANG_WARN_EMPTY_BODY = YES;
				CLANG_WARN_ENUM_CONVERSION = YES;
				CLANG_WARN_INFINITE_RECURSION = YES;
				CLANG_WARN_INT_CONVERSION = YES;
				CLANG_WARN_NON_LITERAL_NULL_CONVERSION = YES;
				CLANG_WARN_OBJC_IMPLICIT_RETAIN_SELF = YES;
				CLANG_WARN_OBJC_LITERAL_CONVERSION = YES;
				CLANG_WARN_OBJC_ROOT_CLASS = YES_ERROR;
				CLANG_WARN_QUOTED_INCLUDE_IN_FRAMEWORK_HEADER = YES;
				CLANG_WARN_RANGE_LOOP_ANALYSIS = YES;
				CLANG_WARN_STRICT_PROTOTYPES = YES;
				CLANG_WARN_SUSPICIOUS_MOVE = YES;
				CLANG_WARN_UNGUARDED_AVAILABILITY = YES_AGGRESSIVE;
				CLANG_WARN_UNREACHABLE_CODE = YES;
				CLANG_WARN__DUPLICATE_METHOD_MATCH = YES;
				COPY_PHASE_STRIP = NO;
				DEBUG_INFORMATION_FORMAT = "dwarf-with-dsym";
				ENABLE_NS_ASSERTIONS = NO;
				ENABLE_STRICT_OBJC_MSGSEND = YES;
				GCC_C_LANGUAGE_STANDARD = gnu11;
				GCC_NO_COMMON_BLOCKS = YES;
				GCC_WARN_64_TO_32_BIT_CONVERSION = YES;
				GCC_WARN_ABOUT_RETURN_TYPE = YES_ERROR;
				GCC_WARN_UNDECLARED_SELECTOR = YES;
				GCC_WARN_UNINITIALIZED_AUTOS = YES_AGGRESSIVE;
				GCC_WARN_UNUSED_FUNCTION = YES;
				GCC_WARN_UNUSED_VARIABLE = YES;
				IPHONEOS_DEPLOYMENT_TARGET = 16.4;
				MTL_ENABLE_DEBUG_INFO = NO;
				MTL_FAST_MATH = YES;
				SDKROOT = iphoneos;
				SWIFT_COMPILATION_MODE = wholemodule;
				SWIFT_OPTIMIZATION_LEVEL = "-O";
				VALIDATE_PRODUCT = YES;
			};
			name = Release;
		};
		45BA81092A34C6BD001C3824 /* Debug */ = {
			isa = XCBuildConfiguration;
			buildSettings = {
				ASSETCATALOG_COMPILER_APPICON_NAME = AppIcon;
				ASSETCATALOG_COMPILER_GLOBAL_ACCENT_COLOR_NAME = AccentColor;
				CODE_SIGN_STYLE = Automatic;
				CURRENT_PROJECT_VERSION = 1;
				DEVELOPMENT_ASSET_PATHS = "\"SnowSeeker/Preview Content\"";
				DEVELOPMENT_TEAM = 36J8GH24RS;
				ENABLE_PREVIEWS = YES;
				GENERATE_INFOPLIST_FILE = YES;
				INFOPLIST_KEY_UIApplicationSceneManifest_Generation = YES;
				INFOPLIST_KEY_UIApplicationSupportsIndirectInputEvents = YES;
				INFOPLIST_KEY_UILaunchScreen_Generation = YES;
				INFOPLIST_KEY_UISupportedInterfaceOrientations_iPad = "UIInterfaceOrientationPortrait UIInterfaceOrientationPortraitUpsideDown UIInterfaceOrientationLandscapeLeft UIInterfaceOrientationLandscapeRight";
				INFOPLIST_KEY_UISupportedInterfaceOrientations_iPhone = "UIInterfaceOrientationPortrait UIInterfaceOrientationLandscapeLeft UIInterfaceOrientationLandscapeRight";
				LD_RUNPATH_SEARCH_PATHS = (
					"$(inherited)",
					"@executable_path/Frameworks",
				);
				MARKETING_VERSION = 1.0;
				PRODUCT_BUNDLE_IDENTIFIER = com.orisraeli.SnowSeeker;
				PRODUCT_NAME = "$(TARGET_NAME)";
				SWIFT_EMIT_LOC_STRINGS = YES;
				SWIFT_VERSION = 5.0;
				TARGETED_DEVICE_FAMILY = "1,2";
			};
			name = Debug;
		};
		45BA810A2A34C6BD001C3824 /* Release */ = {
			isa = XCBuildConfiguration;
			buildSettings = {
				ASSETCATALOG_COMPILER_APPICON_NAME = AppIcon;
				ASSETCATALOG_COMPILER_GLOBAL_ACCENT_COLOR_NAME = AccentColor;
				CODE_SIGN_STYLE = Automatic;
				CURRENT_PROJECT_VERSION = 1;
				DEVELOPMENT_ASSET_PATHS = "\"SnowSeeker/Preview Content\"";
				DEVELOPMENT_TEAM = 36J8GH24RS;
				ENABLE_PREVIEWS = YES;
				GENERATE_INFOPLIST_FILE = YES;
				INFOPLIST_KEY_UIApplicationSceneManifest_Generation = YES;
				INFOPLIST_KEY_UIApplicationSupportsIndirectInputEvents = YES;
				INFOPLIST_KEY_UILaunchScreen_Generation = YES;
				INFOPLIST_KEY_UISupportedInterfaceOrientations_iPad = "UIInterfaceOrientationPortrait UIInterfaceOrientationPortraitUpsideDown UIInterfaceOrientationLandscapeLeft UIInterfaceOrientationLandscapeRight";
				INFOPLIST_KEY_UISupportedInterfaceOrientations_iPhone = "UIInterfaceOrientationPortrait UIInterfaceOrientationLandscapeLeft UIInterfaceOrientationLandscapeRight";
				LD_RUNPATH_SEARCH_PATHS = (
					"$(inherited)",
					"@executable_path/Frameworks",
				);
				MARKETING_VERSION = 1.0;
				PRODUCT_BUNDLE_IDENTIFIER = com.orisraeli.SnowSeeker;
				PRODUCT_NAME = "$(TARGET_NAME)";
				SWIFT_EMIT_LOC_STRINGS = YES;
				SWIFT_VERSION = 5.0;
				TARGETED_DEVICE_FAMILY = "1,2";
			};
			name = Release;
		};
/* End XCBuildConfiguration section */

/* Begin XCConfigurationList section */
		45BA80F52A34C6BC001C3824 /* Build configuration list for PBXProject "SnowSeeker" */ = {
			isa = XCConfigurationList;
			buildConfigurations = (
				45BA81062A34C6BD001C3824 /* Debug */,
				45BA81072A34C6BD001C3824 /* Release */,
			);
			defaultConfigurationIsVisible = 0;
			defaultConfigurationName = Release;
		};
		45BA81082A34C6BD001C3824 /* Build configuration list for PBXNativeTarget "SnowSeeker" */ = {
			isa = XCConfigurationList;
			buildConfigurations = (
				45BA81092A34C6BD001C3824 /* Debug */,
				45BA810A2A34C6BD001C3824 /* Release */,
			);
			defaultConfigurationIsVisible = 0;
			defaultConfigurationName = Release;
		};
/* End XCConfigurationList section */
	};
	rootObject = 45BA80F22A34C6BC001C3824 /* Project object */;
}
