// !$*UTF8*$!
{
	archiveVersion = 1;
	classes = {
	};
	objectVersion = 56;
	objects = {

/* Begin PBXBuildFile section */
		4507CD6C2A2106C4009325F8 /* ImagePicker.swift in Sources */ = {isa = PBXBuildFile; fileRef = 4507CD6B2A2106C4009325F8 /* ImagePicker.swift */; };
		45C51BC72A249AF40062922F /* LocationFetcher.swift in Sources */ = {isa = PBXBuildFile; fileRef = 45C51BC62A249AF40062922F /* LocationFetcher.swift */; };
		45D10E8D2A17806800EE6C23 /* FaceFinderApp.swift in Sources */ = {isa = PBXBuildFile; fileRef = 45D10E8C2A17806800EE6C23 /* FaceFinderApp.swift */; };
		45D10E8F2A17806800EE6C23 /* ContentView.swift in Sources */ = {isa = PBXBuildFile; fileRef = 45D10E8E2A17806800EE6C23 /* ContentView.swift */; };
		45D10E912A17806C00EE6C23 /* Assets.xcassets in Resources */ = {isa = PBXBuildFile; fileRef = 45D10E902A17806C00EE6C23 /* Assets.xcassets */; };
		45D10E942A17806C00EE6C23 /* Preview Assets.xcassets in Resources */ = {isa = PBXBuildFile; fileRef = 45D10E932A17806C00EE6C23 /* Preview Assets.xcassets */; };
		45D10E9D2A17822700EE6C23 /* People.swift in Sources */ = {isa = PBXBuildFile; fileRef = 45D10E9C2A17822700EE6C23 /* People.swift */; };
		45D10EA12A178E2200EE6C23 /* FileManager-DocumentsDirectory.swift in Sources */ = {isa = PBXBuildFile; fileRef = 45D10EA02A178E2200EE6C23 /* FileManager-DocumentsDirectory.swift */; };
		45FA8DF62A225F5B003075A5 /* FaceDetailView.swift in Sources */ = {isa = PBXBuildFile; fileRef = 45FA8DF52A225F5B003075A5 /* FaceDetailView.swift */; };
/* End PBXBuildFile section */

/* Begin PBXFileReference section */
		4507CD6B2A2106C4009325F8 /* ImagePicker.swift */ = {isa = PBXFileReference; lastKnownFileType = sourcecode.swift; path = ImagePicker.swift; sourceTree = "<group>"; };
		45C51BC62A249AF40062922F /* LocationFetcher.swift */ = {isa = PBXFileReference; lastKnownFileType = sourcecode.swift; path = LocationFetcher.swift; sourceTree = "<group>"; };
		45D10E892A17806800EE6C23 /* FaceFinder.app */ = {isa = PBXFileReference; explicitFileType = wrapper.application; includeInIndex = 0; path = FaceFinder.app; sourceTree = BUILT_PRODUCTS_DIR; };
		45D10E8C2A17806800EE6C23 /* FaceFinderApp.swift */ = {isa = PBXFileReference; lastKnownFileType = sourcecode.swift; path = FaceFinderApp.swift; sourceTree = "<group>"; };
		45D10E8E2A17806800EE6C23 /* ContentView.swift */ = {isa = PBXFileReference; lastKnownFileType = sourcecode.swift; path = ContentView.swift; sourceTree = "<group>"; };
		45D10E902A17806C00EE6C23 /* Assets.xcassets */ = {isa = PBXFileReference; lastKnownFileType = folder.assetcatalog; path = Assets.xcassets; sourceTree = "<group>"; };
		45D10E932A17806C00EE6C23 /* Preview Assets.xcassets */ = {isa = PBXFileReference; lastKnownFileType = folder.assetcatalog; path = "Preview Assets.xcassets"; sourceTree = "<group>"; };
		45D10E9C2A17822700EE6C23 /* People.swift */ = {isa = PBXFileReference; lastKnownFileType = sourcecode.swift; path = People.swift; sourceTree = "<group>"; };
		45D10EA02A178E2200EE6C23 /* FileManager-DocumentsDirectory.swift */ = {isa = PBXFileReference; lastKnownFileType = sourcecode.swift; path = "FileManager-DocumentsDirectory.swift"; sourceTree = "<group>"; };
		45FA8DF52A225F5B003075A5 /* FaceDetailView.swift */ = {isa = PBXFileReference; lastKnownFileType = sourcecode.swift; path = FaceDetailView.swift; sourceTree = "<group>"; };
/* End PBXFileReference section */

/* Begin PBXFrameworksBuildPhase section */
		45D10E862A17806800EE6C23 /* Frameworks */ = {
			isa = PBXFrameworksBuildPhase;
			buildActionMask = 2147483647;
			files = (
			);
			runOnlyForDeploymentPostprocessing = 0;
		};
/* End PBXFrameworksBuildPhase section */

/* Begin PBXGroup section */
		45D10E802A17806800EE6C23 = {
			isa = PBXGroup;
			children = (
				45D10E8B2A17806800EE6C23 /* FaceFinder */,
				45D10E8A2A17806800EE6C23 /* Products */,
			);
			sourceTree = "<group>";
		};
		45D10E8A2A17806800EE6C23 /* Products */ = {
			isa = PBXGroup;
			children = (
				45D10E892A17806800EE6C23 /* FaceFinder.app */,
			);
			name = Products;
			sourceTree = "<group>";
		};
		45D10E8B2A17806800EE6C23 /* FaceFinder */ = {
			isa = PBXGroup;
			children = (
				45D10E8C2A17806800EE6C23 /* FaceFinderApp.swift */,
				45D10E8E2A17806800EE6C23 /* ContentView.swift */,
				45FA8DF52A225F5B003075A5 /* FaceDetailView.swift */,
				4507CD6B2A2106C4009325F8 /* ImagePicker.swift */,
				45D10EA02A178E2200EE6C23 /* FileManager-DocumentsDirectory.swift */,
				45D10E9C2A17822700EE6C23 /* People.swift */,
				45C51BC62A249AF40062922F /* LocationFetcher.swift */,
				45D10E902A17806C00EE6C23 /* Assets.xcassets */,
				45D10E922A17806C00EE6C23 /* Preview Content */,
			);
			path = FaceFinder;
			sourceTree = "<group>";
		};
		45D10E922A17806C00EE6C23 /* Preview Content */ = {
			isa = PBXGroup;
			children = (
				45D10E932A17806C00EE6C23 /* Preview Assets.xcassets */,
			);
			path = "Preview Content";
			sourceTree = "<group>";
		};
/* End PBXGroup section */

/* Begin PBXNativeTarget section */
		45D10E882A17806800EE6C23 /* FaceFinder */ = {
			isa = PBXNativeTarget;
			buildConfigurationList = 45D10E972A17806C00EE6C23 /* Build configuration list for PBXNativeTarget "FaceFinder" */;
			buildPhases = (
				45D10E852A17806800EE6C23 /* Sources */,
				45D10E862A17806800EE6C23 /* Frameworks */,
				45D10E872A17806800EE6C23 /* Resources */,
			);
			buildRules = (
			);
			dependencies = (
			);
			name = FaceFinder;
			productName = FaceFinder;
			productReference = 45D10E892A17806800EE6C23 /* FaceFinder.app */;
			productType = "com.apple.product-type.application";
		};
/* End PBXNativeTarget section */

/* Begin PBXProject section */
		45D10E812A17806800EE6C23 /* Project object */ = {
			isa = PBXProject;
			attributes = {
				BuildIndependentTargetsInParallel = 1;
				LastSwiftUpdateCheck = 1430;
				LastUpgradeCheck = 1430;
				TargetAttributes = {
					45D10E882A17806800EE6C23 = {
						CreatedOnToolsVersion = 14.3;
					};
				};
			};
			buildConfigurationList = 45D10E842A17806800EE6C23 /* Build configuration list for PBXProject "FaceFinder" */;
			compatibilityVersion = "Xcode 14.0";
			developmentRegion = en;
			hasScannedForEncodings = 0;
			knownRegions = (
				en,
				Base,
			);
			mainGroup = 45D10E802A17806800EE6C23;
			productRefGroup = 45D10E8A2A17806800EE6C23 /* Products */;
			projectDirPath = "";
			projectRoot = "";
			targets = (
				45D10E882A17806800EE6C23 /* FaceFinder */,
			);
		};
/* End PBXProject section */

/* Begin PBXResourcesBuildPhase section */
		45D10E872A17806800EE6C23 /* Resources */ = {
			isa = PBXResourcesBuildPhase;
			buildActionMask = 2147483647;
			files = (
				45D10E942A17806C00EE6C23 /* Preview Assets.xcassets in Resources */,
				45D10E912A17806C00EE6C23 /* Assets.xcassets in Resources */,
			);
			runOnlyForDeploymentPostprocessing = 0;
		};
/* End PBXResourcesBuildPhase section */

/* Begin PBXSourcesBuildPhase section */
		45D10E852A17806800EE6C23 /* Sources */ = {
			isa = PBXSourcesBuildPhase;
			buildActionMask = 2147483647;
			files = (
				45D10EA12A178E2200EE6C23 /* FileManager-DocumentsDirectory.swift in Sources */,
				45D10E9D2A17822700EE6C23 /* People.swift in Sources */,
				45C51BC72A249AF40062922F /* LocationFetcher.swift in Sources */,
				4507CD6C2A2106C4009325F8 /* ImagePicker.swift in Sources */,
				45D10E8F2A17806800EE6C23 /* ContentView.swift in Sources */,
				45D10E8D2A17806800EE6C23 /* FaceFinderApp.swift in Sources */,
				45FA8DF62A225F5B003075A5 /* FaceDetailView.swift in Sources */,
			);
			runOnlyForDeploymentPostprocessing = 0;
		};
/* End PBXSourcesBuildPhase section */

/* Begin XCBuildConfiguration section */
		45D10E952A17806C00EE6C23 /* Debug */ = {
			isa = XCBuildConfiguration;
			buildSettings = {
				ALWAYS_SEARCH_USER_PATHS = NO;
				CLANG_ANALYZER_NONNULL = YES;
				CLANG_ANALYZER_NUMBER_OBJECT_CONVERSION = YES_AGGRESSIVE;
				CLANG_CXX_LANGUAGE_STANDARD = "gnu++20";
				CLANG_ENABLE_MODULES = YES;
				CLANG_ENABLE_OBJC_ARC = YES;
				CLANG_ENABLE_OBJC_WEAK = YES;
				CLANG_WARN_BLOCK_CAPTURE_AUTORELEASING = YES;
				CLANG_WARN_BOOL_CONVERSION = YES;
				CLANG_WARN_COMMA = YES;
				CLANG_WARN_CONSTANT_CONVERSION = YES;
				CLANG_WARN_DEPRECATED_OBJC_IMPLEMENTATIONS = YES;
				CLANG_WARN_DIRECT_OBJC_ISA_USAGE = YES_ERROR;
				CLANG_WARN_DOCUMENTATION_COMMENTS = YES;
				CLANG_WARN_EMPTY_BODY = YES;
				CLANG_WARN_ENUM_CONVERSION = YES;
				CLANG_WARN_INFINITE_RECURSION = YES;
				CLANG_WARN_INT_CONVERSION = YES;
				CLANG_WARN_NON_LITERAL_NULL_CONVERSION = YES;
				CLANG_WARN_OBJC_IMPLICIT_RETAIN_SELF = YES;
				CLANG_WARN_OBJC_LITERAL_CONVERSION = YES;
				CLANG_WARN_OBJC_ROOT_CLASS = YES_ERROR;
				CLANG_WARN_QUOTED_INCLUDE_IN_FRAMEWORK_HEADER = YES;
				CLANG_WARN_RANGE_LOOP_ANALYSIS = YES;
				CLANG_WARN_STRICT_PROTOTYPES = YES;
				CLANG_WARN_SUSPICIOUS_MOVE = YES;
				CLANG_WARN_UNGUARDED_AVAILABILITY = YES_AGGRESSIVE;
				CLANG_WARN_UNREACHABLE_CODE = YES;
				CLANG_WARN__DUPLICATE_METHOD_MATCH = YES;
				COPY_PHASE_STRIP = NO;
				DEBUG_INFORMATION_FORMAT = dwarf;
				ENABLE_STRICT_OBJC_MSGSEND = YES;
				ENABLE_TESTABILITY = YES;
				GCC_C_LANGUAGE_STANDARD = gnu11;
				GCC_DYNAMIC_NO_PIC = NO;
				GCC_NO_COMMON_BLOCKS = YES;
				GCC_OPTIMIZATION_LEVEL = 0;
				GCC_PREPROCESSOR_DEFINITIONS = (
					"DEBUG=1",
					"$(inherited)",
				);
				GCC_WARN_64_TO_32_BIT_CONVERSION = YES;
				GCC_WARN_ABOUT_RETURN_TYPE = YES_ERROR;
				GCC_WARN_UNDECLARED_SELECTOR = YES;
				GCC_WARN_UNINITIALIZED_AUTOS = YES_AGGRESSIVE;
				GCC_WARN_UNUSED_FUNCTION = YES;
				GCC_WARN_UNUSED_VARIABLE = YES;
				IPHONEOS_DEPLOYMENT_TARGET = 16.4;
				MTL_ENABLE_DEBUG_INFO = INCLUDE_SOURCE;
				MTL_FAST_MATH = YES;
				ONLY_ACTIVE_ARCH = YES;
				SDKROOT = iphoneos;
				SWIFT_ACTIVE_COMPILATION_CONDITIONS = DEBUG;
				SWIFT_OPTIMIZATION_LEVEL = "-Onone";
			};
			name = Debug;
		};
		45D10E962A17806C00EE6C23 /* Release */ = {
			isa = XCBuildConfiguration;
			buildSettings = {
				ALWAYS_SEARCH_USER_PATHS = NO;
				CLANG_ANALYZER_NONNULL = YES;
				CLANG_ANALYZER_NUMBER_OBJECT_CONVERSION = YES_AGGRESSIVE;
				CLANG_CXX_LANGUAGE_STANDARD = "gnu++20";
				CLANG_ENABLE_MODULES = YES;
				CLANG_ENABLE_OBJC_ARC = YES;
				CLANG_ENABLE_OBJC_WEAK = YES;
				CLANG_WARN_BLOCK_CAPTURE_AUTORELEASING = YES;
				CLANG_WARN_BOOL_CONVERSION = YES;
				CLANG_WARN_COMMA = YES;
				CLANG_WARN_CONSTANT_CONVERSION = YES;
				CLANG_WARN_DEPRECATED_OBJC_IMPLEMENTATIONS = YES;
				CLANG_WARN_DIRECT_OBJC_ISA_USAGE = YES_ERROR;
				CLANG_WARN_DOCUMENTATION_COMMENTS = YES;
				CLANG_WARN_EMPTY_BODY = YES;
				CLANG_WARN_ENUM_CONVERSION = YES;
				CLANG_WARN_INFINITE_RECURSION = YES;
				CLANG_WARN_INT_CONVERSION = YES;
				CLANG_WARN_NON_LITERAL_NULL_CONVERSION = YES;
				CLANG_WARN_OBJC_IMPLICIT_RETAIN_SELF = YES;
				CLANG_WARN_OBJC_LITERAL_CONVERSION = YES;
				CLANG_WARN_OBJC_ROOT_CLASS = YES_ERROR;
				CLANG_WARN_QUOTED_INCLUDE_IN_FRAMEWORK_HEADER = YES;
				CLANG_WARN_RANGE_LOOP_ANALYSIS = YES;
				CLANG_WARN_STRICT_PROTOTYPES = YES;
				CLANG_WARN_SUSPICIOUS_MOVE = YES;
				CLANG_WARN_UNGUARDED_AVAILABILITY = YES_AGGRESSIVE;
				CLANG_WARN_UNREACHABLE_CODE = YES;
				CLANG_WARN__DUPLICATE_METHOD_MATCH = YES;
				COPY_PHASE_STRIP = NO;
				DEBUG_INFORMATION_FORMAT = "dwarf-with-dsym";
				ENABLE_NS_ASSERTIONS = NO;
				ENABLE_STRICT_OBJC_MSGSEND = YES;
				GCC_C_LANGUAGE_STANDARD = gnu11;
				GCC_NO_COMMON_BLOCKS = YES;
				GCC_WARN_64_TO_32_BIT_CONVERSION = YES;
				GCC_WARN_ABOUT_RETURN_TYPE = YES_ERROR;
				GCC_WARN_UNDECLARED_SELECTOR = YES;
				GCC_WARN_UNINITIALIZED_AUTOS = YES_AGGRESSIVE;
				GCC_WARN_UNUSED_FUNCTION = YES;
				GCC_WARN_UNUSED_VARIABLE = YES;
				IPHONEOS_DEPLOYMENT_TARGET = 16.4;
				MTL_ENABLE_DEBUG_INFO = NO;
				MTL_FAST_MATH = YES;
				SDKROOT = iphoneos;
				SWIFT_COMPILATION_MODE = wholemodule;
				SWIFT_OPTIMIZATION_LEVEL = "-O";
				VALIDATE_PRODUCT = YES;
			};
			name = Release;
		};
		45D10E982A17806C00EE6C23 /* Debug */ = {
			isa = XCBuildConfiguration;
			buildSettings = {
				ASSETCATALOG_COMPILER_APPICON_NAME = AppIcon;
				ASSETCATALOG_COMPILER_GLOBAL_ACCENT_COLOR_NAME = AccentColor;
				CODE_SIGN_STYLE = Automatic;
				CURRENT_PROJECT_VERSION = 1;
				DEVELOPMENT_ASSET_PATHS = "\"FaceFinder/Preview Content\"";
				DEVELOPMENT_TEAM = 36J8GH24RS;
				ENABLE_PREVIEWS = YES;
				GENERATE_INFOPLIST_FILE = YES;
				INFOPLIST_KEY_NSLocationWhenInUseUsageDescription = "We want to save where you met this person.";
				INFOPLIST_KEY_UIApplicationSceneManifest_Generation = YES;
				INFOPLIST_KEY_UIApplicationSupportsIndirectInputEvents = YES;
				INFOPLIST_KEY_UILaunchScreen_Generation = YES;
				INFOPLIST_KEY_UISupportedInterfaceOrientations_iPad = "UIInterfaceOrientationPortrait UIInterfaceOrientationPortraitUpsideDown UIInterfaceOrientationLandscapeLeft UIInterfaceOrientationLandscapeRight";
				INFOPLIST_KEY_UISupportedInterfaceOrientations_iPhone = "UIInterfaceOrientationPortrait UIInterfaceOrientationLandscapeLeft UIInterfaceOrientationLandscapeRight";
				LD_RUNPATH_SEARCH_PATHS = (
					"$(inherited)",
					"@executable_path/Frameworks",
				);
				MARKETING_VERSION = 1.0;
				PRODUCT_BUNDLE_IDENTIFIER = com.orisraeli.FaceFinder;
				PRODUCT_NAME = "$(TARGET_NAME)";
				SWIFT_EMIT_LOC_STRINGS = YES;
				SWIFT_VERSION = 5.0;
				TARGETED_DEVICE_FAMILY = "1,2";
			};
			name = Debug;
		};
		45D10E992A17806C00EE6C23 /* Release */ = {
			isa = XCBuildConfiguration;
			buildSettings = {
				ASSETCATALOG_COMPILER_APPICON_NAME = AppIcon;
				ASSETCATALOG_COMPILER_GLOBAL_ACCENT_COLOR_NAME = AccentColor;
				CODE_SIGN_STYLE = Automatic;
				CURRENT_PROJECT_VERSION = 1;
				DEVELOPMENT_ASSET_PATHS = "\"FaceFinder/Preview Content\"";
				DEVELOPMENT_TEAM = 36J8GH24RS;
				ENABLE_PREVIEWS = YES;
				GENERATE_INFOPLIST_FILE = YES;
				INFOPLIST_KEY_NSLocationWhenInUseUsageDescription = "We want to save where you met this person.";
				INFOPLIST_KEY_UIApplicationSceneManifest_Generation = YES;
				INFOPLIST_KEY_UIApplicationSupportsIndirectInputEvents = YES;
				INFOPLIST_KEY_UILaunchScreen_Generation = YES;
				INFOPLIST_KEY_UISupportedInterfaceOrientations_iPad = "UIInterfaceOrientationPortrait UIInterfaceOrientationPortraitUpsideDown UIInterfaceOrientationLandscapeLeft UIInterfaceOrientationLandscapeRight";
				INFOPLIST_KEY_UISupportedInterfaceOrientations_iPhone = "UIInterfaceOrientationPortrait UIInterfaceOrientationLandscapeLeft UIInterfaceOrientationLandscapeRight";
				LD_RUNPATH_SEARCH_PATHS = (
					"$(inherited)",
					"@executable_path/Frameworks",
				);
				MARKETING_VERSION = 1.0;
				PRODUCT_BUNDLE_IDENTIFIER = com.orisraeli.FaceFinder;
				PRODUCT_NAME = "$(TARGET_NAME)";
				SWIFT_EMIT_LOC_STRINGS = YES;
				SWIFT_VERSION = 5.0;
				TARGETED_DEVICE_FAMILY = "1,2";
			};
			name = Release;
		};
/* End XCBuildConfiguration section */

/* Begin XCConfigurationList section */
		45D10E842A17806800EE6C23 /* Build configuration list for PBXProject "FaceFinder" */ = {
			isa = XCConfigurationList;
			buildConfigurations = (
				45D10E952A17806C00EE6C23 /* Debug */,
				45D10E962A17806C00EE6C23 /* Release */,
			);
			defaultConfigurationIsVisible = 0;
			defaultConfigurationName = Release;
		};
		45D10E972A17806C00EE6C23 /* Build configuration list for PBXNativeTarget "FaceFinder" */ = {
			isa = XCConfigurationList;
			buildConfigurations = (
				45D10E982A17806C00EE6C23 /* Debug */,
				45D10E992A17806C00EE6C23 /* Release */,
			);
			defaultConfigurationIsVisible = 0;
			defaultConfigurationName = Release;
		};
/* End XCConfigurationList section */
	};
	rootObject = 45D10E812A17806800EE6C23 /* Project object */;
}
